<?xml version="1.0" encoding="utf-8"?>
<Project ToolsVersion="4.0" xmlns="http://schemas.microsoft.com/developer/msbuild/2003">
  <ItemGroup>
    <Filter Include="Source Files">
      <UniqueIdentifier>{4FC737F1-C7A5-4376-A066-2A32D752A2FF}</UniqueIdentifier>
      <Extensions>cpp;c;cc;cxx;def;odl;idl;hpj;bat;asm;asmx</Extensions>
    </Filter>
    <Filter Include="Header Files">
      <UniqueIdentifier>{93995380-89BD-4b04-88EB-625FBE52EBFB}</UniqueIdentifier>
      <Extensions>h;hh;hpp;hxx;hm;inl;inc;ipp;xsd</Extensions>
    </Filter>
    <Filter Include="Source Files\VGM">
      <UniqueIdentifier>{4ed98003-02f7-499a-8bfe-772b6c5f2cdb}</UniqueIdentifier>
    </Filter>
    <Filter Include="Source Files\VGM\Model">
      <UniqueIdentifier>{39929eed-54fe-4936-bd99-a8967fcdb483}</UniqueIdentifier>
    </Filter>
    <Filter Include="Source Files\VGM\Observer">
      <UniqueIdentifier>{c4ac0809-838f-4022-897b-73d79ae48e02}</UniqueIdentifier>
    </Filter>
    <Filter Include="Source Files\Platform">
      <UniqueIdentifier>{1ee9c2fb-e2f3-4674-b0c7-169744791f24}</UniqueIdentifier>
    </Filter>
    <Filter Include="Source Files\chips">
      <UniqueIdentifier>{90b8fce6-c59a-40e9-954c-affc203e5044}</UniqueIdentifier>
    </Filter>
    <Filter Include="Source Files\misc">
      <UniqueIdentifier>{05b5b077-57a3-4c68-b7fc-8e1dc33a0d6c}</UniqueIdentifier>
    </Filter>
    <Filter Include="Source Files\VGM\Observer\Renderer">
      <UniqueIdentifier>{d9ae2f09-fc56-4d1a-882f-b0f77539315e}</UniqueIdentifier>
    </Filter>
  </ItemGroup>
  <ItemGroup>
    <ClInclude Include="stdafx.h">
      <Filter>Header Files</Filter>
    </ClInclude>
    <ClInclude Include="targetver.h">
      <Filter>Header Files</Filter>
    </ClInclude>
    <ClInclude Include="..\..\VGMPlayerLib\HuC6280.h">
      <Filter>Source Files\chips</Filter>
    </ClInclude>
    <ClInclude Include="..\..\VGMPlayerLib\k053260.h">
      <Filter>Source Files\chips</Filter>
    </ClInclude>
    <ClInclude Include="..\..\VGMPlayerLib\nes_defs.h">
      <Filter>Source Files\chips</Filter>
    </ClInclude>
    <ClInclude Include="..\..\VGMPlayerLib\NESAPU.h">
      <Filter>Source Files\chips</Filter>
    </ClInclude>
    <ClInclude Include="..\..\VGMPlayerLib\NESFDSAPU.h">
      <Filter>Source Files\chips</Filter>
    </ClInclude>
    <ClInclude Include="..\..\VGMPlayerLib\SN76489.h">
      <Filter>Source Files\chips</Filter>
    </ClInclude>
    <ClInclude Include="..\..\VGMPlayerLib\vgmdef.h">
      <Filter>Source Files\chips</Filter>
    </ClInclude>
    <ClInclude Include="..\..\VGMPlayerLib\ym2151.h">
      <Filter>Source Files\chips</Filter>
    </ClInclude>
    <ClInclude Include="..\..\VGMPlayerLib\ym2612.h">
      <Filter>Source Files\chips</Filter>
    </ClInclude>
    <ClInclude Include="..\..\VGMPlayerLib\AudioDevice.h">
      <Filter>Source Files\Platform</Filter>
    </ClInclude>
    <ClInclude Include="..\..\VGMPlayerLib\Array.h">
      <Filter>Source Files\Platform</Filter>
    </ClInclude>
    <ClInclude Include="..\..\VGMPlayerLib\Obserable.h">
      <Filter>Source Files\VGM\Model</Filter>
    </ClInclude>
    <ClInclude Include="..\..\VGMPlayerLib\Observer.h">
      <Filter>Source Files\VGM\Observer</Filter>
    </ClInclude>
    <ClInclude Include="..\..\VGMPlayerLib\Platform.h">
      <Filter>Source Files\Platform</Filter>
    </ClInclude>
    <ClInclude Include="..\..\VGMPlayerLib\VGMObverser.h">
      <Filter>Source Files\VGM\Observer</Filter>
    </ClInclude>
    <ClInclude Include="..\..\VGMPlayerLib\VGMData.h">
      <Filter>Source Files\VGM\Model</Filter>
    </ClInclude>
    <ClInclude Include="..\..\VGMPlayerLib\VGMFile.h">
      <Filter>Source Files\VGM\Model</Filter>
    </ClInclude>
    <ClInclude Include="..\..\VGMPlayerLib\VideoDevice.h">
      <Filter>Source Files\Platform</Filter>
    </ClInclude>
    <ClInclude Include="..\..\VGMPlayerLib\VGMPlayerLib.h">
      <Filter>Source Files\VGM</Filter>
    </ClInclude>
    <ClInclude Include="..\..\VGMPlayerLib\QSound.h">
      <Filter>Source Files\chips</Filter>
    </ClInclude>
    <ClInclude Include="..\..\VGMPlayerLib\ROM.h">
      <Filter>Source Files\chips</Filter>
    </ClInclude>
    <ClInclude Include="..\..\VGMPlayerLib\SEGAPCM.h">
      <Filter>Source Files\chips</Filter>
    </ClInclude>
    <ClInclude Include="..\..\VGMPlayerLib\FFT.h">
      <Filter>Source Files\misc</Filter>
    </ClInclude>
    <ClInclude Include="..\..\VGMPlayerLib\VGMViewer.h">
      <Filter>Source Files\VGM\Observer</Filter>
    </ClInclude>
    <ClInclude Include="..\..\VGMPlayerLib\VGMMultiChannelNoteRenderer.h">
      <Filter>Source Files\VGM\Observer\Renderer</Filter>
    </ClInclude>
    <ClInclude Include="..\..\VGMPlayerLib\VGMMultiChannelWaveFormRenderer.h">
      <Filter>Source Files\VGM\Observer\Renderer</Filter>
    </ClInclude>
    <ClInclude Include="..\..\VGMPlayerLib\VGMWaveFormRenderer.h">
      <Filter>Source Files\VGM\Observer\Renderer</Filter>
    </ClInclude>
    <ClInclude Include="..\..\VGMPlayerLib\VGMSpectrumRenderer.h">
      <Filter>Source Files\VGM\Observer\Renderer</Filter>
    </ClInclude>
    <ClInclude Include="..\..\VGMPlayerLib\VGMRenderer.h">
      <Filter>Source Files\VGM\Observer\Renderer</Filter>
    </ClInclude>
    <ClInclude Include="..\..\VGMPlayerLib\VGMAudioPlayer.h">
      <Filter>Source Files\VGM\Observer</Filter>
    </ClInclude>
    <ClInclude Include="..\..\VGMPlayerLib\DataStream.h">
      <Filter>Source Files\chips</Filter>
    </ClInclude>
    <ClInclude Include="..\..\VGMPlayerLib\multipcm.h">
      <Filter>Source Files\chips</Filter>
    </ClInclude>
  </ItemGroup>
  <ItemGroup>
    <ClCompile Include="..\..\VGMPlayerLib\HuC6280.c">
      <Filter>Source Files\chips</Filter>
    </ClCompile>
    <ClCompile Include="..\..\VGMPlayerLib\K053260.c">
      <Filter>Source Files\chips</Filter>
    </ClCompile>
    <ClCompile Include="..\..\VGMPlayerLib\NESAPU.c">
      <Filter>Source Files\chips</Filter>
    </ClCompile>
    <ClCompile Include="..\..\VGMPlayerLib\NESFDSAPU.c">
      <Filter>Source Files\chips</Filter>
    </ClCompile>
    <ClCompile Include="..\..\VGMPlayerLib\SN76489.c">
      <Filter>Source Files\chips</Filter>
    </ClCompile>
    <ClCompile Include="..\..\VGMPlayerLib\ym2151.c">
      <Filter>Source Files\chips</Filter>
    </ClCompile>
    <ClCompile Include="..\..\VGMPlayerLib\ym2612.c">
      <Filter>Source Files\chips</Filter>
    </ClCompile>
    <ClCompile Include="..\..\VGMPlayerLib\AudioDevice.cpp">
      <Filter>Source Files\Platform</Filter>
    </ClCompile>
    <ClCompile Include="..\..\VGMPlayerLib\Array.cpp">
      <Filter>Source Files\Platform</Filter>
    </ClCompile>
    <ClCompile Include="..\..\VGMPlayerLib\Obserable.cpp">
      <Filter>Source Files\VGM\Model</Filter>
    </ClCompile>
    <ClCompile Include="..\..\VGMPlayerLib\Observer.cpp">
      <Filter>Source Files\VGM\Observer</Filter>
    </ClCompile>
    <ClCompile Include="..\..\VGMPlayerLib\Platform.cpp">
      <Filter>Source Files\Platform</Filter>
    </ClCompile>
    <ClCompile Include="..\..\VGMPlayerLib\VGMObverser.cpp">
      <Filter>Source Files\VGM\Observer</Filter>
    </ClCompile>
    <ClCompile Include="..\..\VGMPlayerLib\VGMData.cpp">
      <Filter>Source Files\VGM\Model</Filter>
    </ClCompile>
    <ClCompile Include="..\..\VGMPlayerLib\VGMFile.cpp">
      <Filter>Source Files\VGM\Model</Filter>
    </ClCompile>
    <ClCompile Include="..\..\VGMPlayerLib\VideoDevice.cpp">
      <Filter>Source Files\Platform</Filter>
    </ClCompile>
    <ClCompile Include="..\..\VGMPlayerLib\QSound.c">
      <Filter>Source Files\chips</Filter>
    </ClCompile>
    <ClCompile Include="..\..\VGMPlayerLib\ROM.c">
      <Filter>Source Files\chips</Filter>
    </ClCompile>
    <ClCompile Include="..\..\VGMPlayerLib\SEGAPCM.c">
      <Filter>Source Files\chips</Filter>
    </ClCompile>
    <ClCompile Include="..\..\VGMPlayerLib\FFT.cpp">
      <Filter>Source Files\misc</Filter>
    </ClCompile>
    <ClCompile Include="..\..\VGMPlayerLib\VGMViewer.cpp">
      <Filter>Source Files\VGM\Observer</Filter>
    </ClCompile>
    <ClCompile Include="..\..\VGMPlayerLib\VGMMultiChannelNoteRenderer.cpp">
      <Filter>Source Files\VGM\Observer\Renderer</Filter>
    </ClCompile>
    <ClCompile Include="..\..\VGMPlayerLib\VGMMultiChannelWaveFormRenderer.cpp">
      <Filter>Source Files\VGM\Observer\Renderer</Filter>
    </ClCompile>
    <ClCompile Include="..\..\VGMPlayerLib\VGMWaveFormRenderer.cpp">
      <Filter>Source Files\VGM\Observer\Renderer</Filter>
    </ClCompile>
    <ClCompile Include="..\..\VGMPlayerLib\VGMSpectrumRenderer.cpp">
      <Filter>Source Files\VGM\Observer\Renderer</Filter>
    </ClCompile>
    <ClCompile Include="..\..\VGMPlayerLib\VGMRenderer.cpp">
      <Filter>Source Files\VGM\Observer\Renderer</Filter>
    </ClCompile>
    <ClCompile Include="..\..\VGMPlayerLib\VGMAudioPlayer.cpp">
      <Filter>Source Files\VGM\Observer</Filter>
    </ClCompile>
    <ClCompile Include="..\..\VGMPlayerLib\DataStream.c">
      <Filter>Source Files\chips</Filter>
    </ClCompile>
    <ClCompile Include="..\..\VGMPlayerLib\multipcm.c">
      <Filter>Source Files\chips</Filter>
    </ClCompile>
  </ItemGroup>
</Project>