<?xml version="1.0" encoding="utf-8"?>
<Project ToolsVersion="4.0" xmlns="http://schemas.microsoft.com/developer/msbuild/2003">
  <ItemGroup>
    <Filter Include="Source Files">
      <UniqueIdentifier>{4FC737F1-C7A5-4376-A066-2A32D752A2FF}</UniqueIdentifier>
      <Extensions>cpp;c;cc;cxx;def;odl;idl;hpj;bat;asm;asmx</Extensions>
    </Filter>
    <Filter Include="Header Files">
      <UniqueIdentifier>{93995380-89BD-4b04-88EB-625FBE52EBFB}</UniqueIdentifier>
      <Extensions>h;hh;hpp;hxx;hm;inl;inc;ipp;xsd</Extensions>
    </Filter>
    <Filter Include="Source Files\VGM">
      <UniqueIdentifier>{4ed98003-02f7-499a-8bfe-772b6c5f2cdb}</UniqueIdentifier>
    </Filter>
    <Filter Include="Source Files\VGM\Model">
      <UniqueIdentifier>{39929eed-54fe-4936-bd99-a8967fcdb483}</UniqueIdentifier>
    </Filter>
    <Filter Include="Source Files\VGM\Observer">
      <UniqueIdentifier>{c4ac0809-838f-4022-897b-73d79ae48e02}</UniqueIdentifier>
    </Filter>
    <Filter Include="Source Files\Platform">
      <UniqueIdentifier>{1ee9c2fb-e2f3-4674-b0c7-169744791f24}</UniqueIdentifier>
    </Filter>
    <Filter Include="Source Files\chips">
      <UniqueIdentifier>{90b8fce6-c59a-40e9-954c-affc203e5044}</UniqueIdentifier>
    </Filter>
    <Filter Include="Source Files\misc">
      <UniqueIdentifier>{05b5b077-57a3-4c68-b7fc-8e1dc33a0d6c}</UniqueIdentifier>
    </Filter>
    <Filter Include="Source Files\VGM\Observer\Renderer">
      <UniqueIdentifier>{d9ae2f09-fc56-4d1a-882f-b0f77539315e}</UniqueIdentifier>
    </Filter>
  </ItemGroup>
  <ItemGroup>
    <ClInclude Include="stdafx.h">
      <Filter>Header Files</Filter>
    </ClInclude>
    <ClInclude Include="targetver.h">
      <Filter>Header Files</Filter>
    </ClInclude>
    <ClInclude Include="..\..\VGMPlayerLib\VGMPlayerLib.h">
      <Filter>Source Files\VGM</Filter>
    </ClInclude>
    <ClInclude Include="k051649.h">
      <Filter>Source Files\chips</Filter>
    </ClInclude>
    <ClInclude Include="k053260.h">
      <Filter>Source Files\chips</Filter>
    </ClInclude>
    <ClInclude Include="k054539.h">
      <Filter>Source Files\chips</Filter>
    </ClInclude>
    <ClInclude Include="multipcm.h">
      <Filter>Source Files\chips</Filter>
    </ClInclude>
    <ClInclude Include="nes_defs.h">
      <Filter>Source Files\chips</Filter>
    </ClInclude>
    <ClInclude Include="Obserable.h">
      <Filter>Source Files\chips</Filter>
    </ClInclude>
    <ClInclude Include="SEGAPCM.h">
      <Filter>Source Files\chips</Filter>
    </ClInclude>
    <ClInclude Include="SN76489.h">
      <Filter>Source Files\chips</Filter>
    </ClInclude>
    <ClInclude Include="vgmdef.h">
      <Filter>Source Files\chips</Filter>
    </ClInclude>
    <ClInclude Include="ym2151.h">
      <Filter>Source Files\chips</Filter>
    </ClInclude>
    <ClInclude Include="FFT.h">
      <Filter>Source Files\misc</Filter>
    </ClInclude>
    <ClInclude Include="Array.h">
      <Filter>Source Files\Platform</Filter>
    </ClInclude>
    <ClInclude Include="AudioDevice.h">
      <Filter>Source Files\Platform</Filter>
    </ClInclude>
    <ClInclude Include="Platform.h">
      <Filter>Source Files\Platform</Filter>
    </ClInclude>
    <ClInclude Include="VideoDevice.h">
      <Filter>Source Files\Platform</Filter>
    </ClInclude>
    <ClInclude Include="VGMObverser.h">
      <Filter>Source Files\VGM\Model</Filter>
    </ClInclude>
    <ClInclude Include="VGMData.h">
      <Filter>Source Files\VGM\Model</Filter>
    </ClInclude>
    <ClInclude Include="VGMMultiChannelNoteRenderer.h">
      <Filter>Source Files\VGM\Observer\Renderer</Filter>
    </ClInclude>
    <ClInclude Include="VGMMultiChannelWaveFormRenderer.h">
      <Filter>Source Files\VGM\Observer\Renderer</Filter>
    </ClInclude>
    <ClInclude Include="VGMSpectrumRenderer.h">
      <Filter>Source Files\VGM\Observer\Renderer</Filter>
    </ClInclude>
    <ClInclude Include="VGMWaveFormRenderer.h">
      <Filter>Source Files\VGM\Observer\Renderer</Filter>
    </ClInclude>
    <ClInclude Include="Observer.h">
      <Filter>Source Files\VGM\Observer</Filter>
    </ClInclude>
    <ClInclude Include="VGMViewer.h">
      <Filter>Source Files\VGM\Observer</Filter>
    </ClInclude>
    <ClInclude Include="VGMPlayerLib.h">
      <Filter>Source Files\VGM\Observer</Filter>
    </ClInclude>
    <ClInclude Include="VGMLogoViewer.h">
      <Filter>Source Files\VGM\Observer</Filter>
    </ClInclude>
    <ClInclude Include="VGMHardwarePlayer.h">
      <Filter>Source Files\VGM\Observer</Filter>
    </ClInclude>
    <ClInclude Include="VGMAudioPlayer.h">
      <Filter>Source Files\VGM\Observer</Filter>
    </ClInclude>
    <ClInclude Include="VideoEncoder.h">
      <Filter>Source Files</Filter>
    </ClInclude>
    <ClInclude Include="VGMRenderer.h">
      <Filter>Source Files\VGM\Observer\Renderer</Filter>
    </ClInclude>
    <ClInclude Include="VGMBackgroundRenderer.h">
      <Filter>Source Files\VGM\Observer\Renderer</Filter>
    </ClInclude>
    <ClInclude Include="2610intf.h">
      <Filter>Source Files\chips</Filter>
    </ClInclude>
    <ClInclude Include="ay8910.h">
      <Filter>Source Files\chips</Filter>
    </ClInclude>
    <ClInclude Include="ymdeltat.h">
      <Filter>Source Files\chips</Filter>
    </ClInclude>
    <ClInclude Include="emu2149.h">
      <Filter>Source Files\chips</Filter>
    </ClInclude>
    <ClInclude Include="emutypes.h">
      <Filter>Source Files\chips</Filter>
    </ClInclude>
    <ClInclude Include="ay_intf.h">
      <Filter>Source Files\chips</Filter>
    </ClInclude>
    <ClInclude Include="c140.h">
      <Filter>Source Files\chips</Filter>
    </ClInclude>
    <ClInclude Include="c6280.h">
      <Filter>Source Files\chips</Filter>
    </ClInclude>
    <ClInclude Include="c6280intf.h">
      <Filter>Source Files\chips</Filter>
    </ClInclude>
    <ClInclude Include="gb.h">
      <Filter>Source Files\chips</Filter>
    </ClInclude>
    <ClInclude Include="np_nes_apu.h">
      <Filter>Source Files\chips</Filter>
    </ClInclude>
    <ClInclude Include="np_nes_dmc.h">
      <Filter>Source Files\chips</Filter>
    </ClInclude>
    <ClInclude Include="np_nes_fds.h">
      <Filter>Source Files\chips</Filter>
    </ClInclude>
    <ClInclude Include="okim6258.h">
      <Filter>Source Files\chips</Filter>
    </ClInclude>
    <ClInclude Include="okim6295.h">
      <Filter>Source Files\chips</Filter>
    </ClInclude>
    <ClInclude Include="pokey.h">
      <Filter>Source Files\chips</Filter>
    </ClInclude>
    <ClInclude Include="pwm.h">
      <Filter>Source Files\chips</Filter>
    </ClInclude>
    <ClInclude Include="qsound_ctr.h">
      <Filter>Source Files\chips</Filter>
    </ClInclude>
    <ClInclude Include="qsound_intf.h">
      <Filter>Source Files\chips</Filter>
    </ClInclude>
    <ClInclude Include="rf5c68.h">
      <Filter>Source Files\chips</Filter>
    </ClInclude>
    <ClInclude Include="scd_pcm.h">
      <Filter>Source Files\chips</Filter>
    </ClInclude>
    <ClInclude Include="sn764intf.h">
      <Filter>Source Files\chips</Filter>
    </ClInclude>
    <ClInclude Include="sn76496.h">
      <Filter>Source Files\chips</Filter>
    </ClInclude>
    <ClInclude Include="upd7759.h">
      <Filter>Source Files\chips</Filter>
    </ClInclude>
    <ClInclude Include="ym2413.h">
      <Filter>Source Files\chips</Filter>
    </ClInclude>
    <ClInclude Include="ym2413hd.h">
      <Filter>Source Files\chips</Filter>
    </ClInclude>
    <ClInclude Include="ym3438.h">
      <Filter>Source Files\chips</Filter>
    </ClInclude>
    <ClInclude Include="ymf271.h">
      <Filter>Source Files\chips</Filter>
    </ClInclude>
    <ClInclude Include="ymf278b.h">
      <Filter>Source Files\chips</Filter>
    </ClInclude>
    <ClInclude Include="ymz280b.h">
      <Filter>Source Files\chips</Filter>
    </ClInclude>
    <ClInclude Include="Ootake_PSG.h">
      <Filter>Source Files\chips</Filter>
    </ClInclude>
    <ClInclude Include="qsound_mame.h">
      <Filter>Source Files\chips</Filter>
    </ClInclude>
    <ClInclude Include="panning.h">
      <Filter>Source Files\chips</Filter>
    </ClInclude>
    <ClInclude Include="262intf.h">
      <Filter>Source Files\chips</Filter>
    </ClInclude>
    <ClInclude Include="2151intf.h">
      <Filter>Source Files\chips</Filter>
    </ClInclude>
    <ClInclude Include="2203intf.h">
      <Filter>Source Files\chips</Filter>
    </ClInclude>
    <ClInclude Include="2413intf.h">
      <Filter>Source Files\chips</Filter>
    </ClInclude>
    <ClInclude Include="2608intf.h">
      <Filter>Source Files\chips</Filter>
    </ClInclude>
    <ClInclude Include="2612intf.h">
      <Filter>Source Files\chips</Filter>
    </ClInclude>
    <ClInclude Include="3526intf.h">
      <Filter>Source Files\chips</Filter>
    </ClInclude>
    <ClInclude Include="3812intf.h">
      <Filter>Source Files\chips</Filter>
    </ClInclude>
    <ClInclude Include="8950intf.h">
      <Filter>Source Files\chips</Filter>
    </ClInclude>
    <ClInclude Include="c352.h">
      <Filter>Source Files\chips</Filter>
    </ClInclude>
    <ClInclude Include="ChipIncl.h">
      <Filter>Source Files\chips</Filter>
    </ClInclude>
    <ClInclude Include="dac_control.h">
      <Filter>Source Files\chips</Filter>
    </ClInclude>
    <ClInclude Include="es5503.h">
      <Filter>Source Files\chips</Filter>
    </ClInclude>
    <ClInclude Include="es5506.h">
      <Filter>Source Files\chips</Filter>
    </ClInclude>
    <ClInclude Include="iremga20.h">
      <Filter>Source Files\chips</Filter>
    </ClInclude>
    <ClInclude Include="mamedef.h">
      <Filter>Source Files\chips</Filter>
    </ClInclude>
    <ClInclude Include="nes_intf.h">
      <Filter>Source Files\chips</Filter>
    </ClInclude>
    <ClInclude Include="saa1099.h">
      <Filter>Source Files\chips</Filter>
    </ClInclude>
    <ClInclude Include="vrc7tone.h">
      <Filter>Source Files\chips</Filter>
    </ClInclude>
    <ClInclude Include="vsu.h">
      <Filter>Source Files\chips</Filter>
    </ClInclude>
    <ClInclude Include="ws_audio.h">
      <Filter>Source Files\chips</Filter>
    </ClInclude>
    <ClInclude Include="ws_initialIo.h">
      <Filter>Source Files\chips</Filter>
    </ClInclude>
    <ClInclude Include="x1_010.h">
      <Filter>Source Files\chips</Filter>
    </ClInclude>
    <ClInclude Include="adlibemu.h">
      <Filter>Source Files\chips</Filter>
    </ClInclude>
    <ClInclude Include="emu2413.h">
      <Filter>Source Files\chips</Filter>
    </ClInclude>
    <ClInclude Include="nes_apu.h">
      <Filter>Source Files\chips</Filter>
    </ClInclude>
    <ClInclude Include="scspdsp.h">
      <Filter>Source Files\chips</Filter>
    </ClInclude>
    <ClInclude Include="fm.h">
      <Filter>Source Files\chips</Filter>
    </ClInclude>
    <ClInclude Include="fmopl.h">
      <Filter>Source Files\chips</Filter>
    </ClInclude>
    <ClInclude Include="opll.h">
      <Filter>Source Files\chips</Filter>
    </ClInclude>
    <ClInclude Include="opm.h">
      <Filter>Source Files\chips</Filter>
    </ClInclude>
    <ClInclude Include="scsp.h">
      <Filter>Source Files\chips</Filter>
    </ClInclude>
    <ClInclude Include="ymf262.h">
      <Filter>Source Files\chips</Filter>
    </ClInclude>
    <ClInclude Include="ym2612.h">
      <Filter>Source Files\chips</Filter>
    </ClInclude>
  </ItemGroup>
  <ItemGroup>
    <ClCompile Include="k051649.c">
      <Filter>Source Files\chips</Filter>
    </ClCompile>
    <ClCompile Include="K053260.c">
      <Filter>Source Files\chips</Filter>
    </ClCompile>
    <ClCompile Include="k054539.c">
      <Filter>Source Files\chips</Filter>
    </ClCompile>
    <ClCompile Include="multipcm.c">
      <Filter>Source Files\chips</Filter>
    </ClCompile>
    <ClCompile Include="SEGAPCM.c">
      <Filter>Source Files\chips</Filter>
    </ClCompile>
    <ClCompile Include="SN76489.c">
      <Filter>Source Files\chips</Filter>
    </ClCompile>
    <ClCompile Include="ym2151.c">
      <Filter>Source Files\chips</Filter>
    </ClCompile>
    <ClCompile Include="Obserable.cpp">
      <Filter>Source Files\chips</Filter>
    </ClCompile>
    <ClCompile Include="FFT.cpp">
      <Filter>Source Files\misc</Filter>
    </ClCompile>
    <ClCompile Include="Array.cpp">
      <Filter>Source Files\Platform</Filter>
    </ClCompile>
    <ClCompile Include="AudioDevice.cpp">
      <Filter>Source Files\Platform</Filter>
    </ClCompile>
    <ClCompile Include="Platform.cpp">
      <Filter>Source Files\Platform</Filter>
    </ClCompile>
    <ClCompile Include="VideoDevice.cpp">
      <Filter>Source Files\Platform</Filter>
    </ClCompile>
    <ClCompile Include="VGMObverser.cpp">
      <Filter>Source Files\VGM\Model</Filter>
    </ClCompile>
    <ClCompile Include="VGMData.cpp">
      <Filter>Source Files\VGM\Model</Filter>
    </ClCompile>
    <ClCompile Include="VGMMultiChannelNoteRenderer.cpp">
      <Filter>Source Files\VGM\Observer\Renderer</Filter>
    </ClCompile>
    <ClCompile Include="VGMMultiChannelWaveFormRenderer.cpp">
      <Filter>Source Files\VGM\Observer\Renderer</Filter>
    </ClCompile>
    <ClCompile Include="VGMSpectrumRenderer.cpp">
      <Filter>Source Files\VGM\Observer\Renderer</Filter>
    </ClCompile>
    <ClCompile Include="VGMWaveFormRenderer.cpp">
      <Filter>Source Files\VGM\Observer\Renderer</Filter>
    </ClCompile>
    <ClCompile Include="Observer.cpp">
      <Filter>Source Files\VGM\Observer</Filter>
    </ClCompile>
    <ClCompile Include="VGMViewer.cpp">
      <Filter>Source Files\VGM\Observer</Filter>
    </ClCompile>
    <ClCompile Include="VGMAudioPlayer.cpp">
      <Filter>Source Files\VGM\Observer</Filter>
    </ClCompile>
    <ClCompile Include="VideoEncoder.cpp">
      <Filter>Source Files</Filter>
    </ClCompile>
    <ClCompile Include="VGMRenderer.cpp">
      <Filter>Source Files\VGM\Observer\Renderer</Filter>
    </ClCompile>
    <ClCompile Include="VGMBackgroundRenderer.cpp">
      <Filter>Source Files\VGM\Observer\Renderer</Filter>
    </ClCompile>
    <ClCompile Include="2610intf.c">
      <Filter>Source Files\chips</Filter>
    </ClCompile>
    <ClCompile Include="ay8910.c">
      <Filter>Source Files\chips</Filter>
    </ClCompile>
    <ClCompile Include="ymdeltat.c">
      <Filter>Source Files\chips</Filter>
    </ClCompile>
    <ClCompile Include="emu2149.c">
      <Filter>Source Files\chips</Filter>
    </ClCompile>
    <ClCompile Include="ay_intf.c">
      <Filter>Source Files\chips</Filter>
    </ClCompile>
    <ClCompile Include="ay8910_opl.c">
      <Filter>Source Files\chips</Filter>
    </ClCompile>
    <ClCompile Include="c140.c">
      <Filter>Source Files\chips</Filter>
    </ClCompile>
    <ClCompile Include="c6280.c">
      <Filter>Source Files\chips</Filter>
    </ClCompile>
    <ClCompile Include="c6280intf.c">
      <Filter>Source Files\chips</Filter>
    </ClCompile>
    <ClCompile Include="gb.c">
      <Filter>Source Files\chips</Filter>
    </ClCompile>
    <ClCompile Include="np_nes_apu.c">
      <Filter>Source Files\chips</Filter>
    </ClCompile>
    <ClCompile Include="np_nes_dmc.c">
      <Filter>Source Files\chips</Filter>
    </ClCompile>
    <ClCompile Include="np_nes_fds.c">
      <Filter>Source Files\chips</Filter>
    </ClCompile>
    <ClCompile Include="okim6258.c">
      <Filter>Source Files\chips</Filter>
    </ClCompile>
    <ClCompile Include="okim6295.c">
      <Filter>Source Files\chips</Filter>
    </ClCompile>
    <ClCompile Include="pokey.c">
      <Filter>Source Files\chips</Filter>
    </ClCompile>
    <ClCompile Include="pwm.c">
      <Filter>Source Files\chips</Filter>
    </ClCompile>
    <ClCompile Include="qsound_ctr.c">
      <Filter>Source Files\chips</Filter>
    </ClCompile>
    <ClCompile Include="qsound_intf.c">
      <Filter>Source Files\chips</Filter>
    </ClCompile>
    <ClCompile Include="rf5c68.c">
      <Filter>Source Files\chips</Filter>
    </ClCompile>
    <ClCompile Include="scd_pcm.c">
      <Filter>Source Files\chips</Filter>
    </ClCompile>
    <ClCompile Include="sn764intf.c">
      <Filter>Source Files\chips</Filter>
    </ClCompile>
    <ClCompile Include="sn76496.c">
      <Filter>Source Files\chips</Filter>
    </ClCompile>
    <ClCompile Include="sn76496_opl.c">
      <Filter>Source Files\chips</Filter>
    </ClCompile>
    <ClCompile Include="upd7759.c">
      <Filter>Source Files\chips</Filter>
    </ClCompile>
    <ClCompile Include="ym2413.c">
      <Filter>Source Files\chips</Filter>
    </ClCompile>
    <ClCompile Include="ym2413hd.c">
      <Filter>Source Files\chips</Filter>
    </ClCompile>
    <ClCompile Include="ym3438.c">
      <Filter>Source Files\chips</Filter>
    </ClCompile>
    <ClCompile Include="ymf271.c">
      <Filter>Source Files\chips</Filter>
    </ClCompile>
    <ClCompile Include="ymf278b.c">
      <Filter>Source Files\chips</Filter>
    </ClCompile>
    <ClCompile Include="ymz280b.c">
      <Filter>Source Files\chips</Filter>
    </ClCompile>
    <ClCompile Include="Ootake_PSG.c">
      <Filter>Source Files\chips</Filter>
    </ClCompile>
    <ClCompile Include="qsound_mame.c">
      <Filter>Source Files\chips</Filter>
    </ClCompile>
    <ClCompile Include="panning.c">
      <Filter>Source Files\chips</Filter>
    </ClCompile>
    <ClCompile Include="262intf.c">
      <Filter>Source Files\chips</Filter>
    </ClCompile>
    <ClCompile Include="2151intf.c">
      <Filter>Source Files\chips</Filter>
    </ClCompile>
    <ClCompile Include="2203intf.c">
      <Filter>Source Files\chips</Filter>
    </ClCompile>
    <ClCompile Include="2413intf.c">
      <Filter>Source Files\chips</Filter>
    </ClCompile>
    <ClCompile Include="2608intf.c">
      <Filter>Source Files\chips</Filter>
    </ClCompile>
    <ClCompile Include="2612intf.c">
      <Filter>Source Files\chips</Filter>
    </ClCompile>
    <ClCompile Include="3526intf.c">
      <Filter>Source Files\chips</Filter>
    </ClCompile>
    <ClCompile Include="3812intf.c">
      <Filter>Source Files\chips</Filter>
    </ClCompile>
    <ClCompile Include="8950intf.c">
      <Filter>Source Files\chips</Filter>
    </ClCompile>
    <ClCompile Include="c352.c">
      <Filter>Source Files\chips</Filter>
    </ClCompile>
    <ClCompile Include="dac_control.c">
      <Filter>Source Files\chips</Filter>
    </ClCompile>
    <ClCompile Include="es5503.c">
      <Filter>Source Files\chips</Filter>
    </ClCompile>
    <ClCompile Include="es5506.c">
      <Filter>Source Files\chips</Filter>
    </ClCompile>
    <ClCompile Include="iremga20.c">
      <Filter>Source Files\chips</Filter>
    </ClCompile>
    <ClCompile Include="nes_intf.c">
      <Filter>Source Files\chips</Filter>
    </ClCompile>
    <ClCompile Include="saa1099.c">
      <Filter>Source Files\chips</Filter>
    </ClCompile>
    <ClCompile Include="vsu.c">
      <Filter>Source Files\chips</Filter>
    </ClCompile>
    <ClCompile Include="ws_audio.c">
      <Filter>Source Files\chips</Filter>
    </ClCompile>
    <ClCompile Include="x1_010.c">
      <Filter>Source Files\chips</Filter>
    </ClCompile>
    <ClCompile Include="adlibemu_opl3.c">
      <Filter>Source Files\chips</Filter>
    </ClCompile>
    <ClCompile Include="emu2413.c">
      <Filter>Source Files\chips</Filter>
    </ClCompile>
    <ClCompile Include="nes_apu.c">
      <Filter>Source Files\chips</Filter>
    </ClCompile>
    <ClCompile Include="scspdsp.c">
      <Filter>Source Files\chips</Filter>
    </ClCompile>
    <ClCompile Include="fm.c">
      <Filter>Source Files\chips</Filter>
    </ClCompile>
    <ClCompile Include="fm2612.c">
      <Filter>Source Files\chips</Filter>
    </ClCompile>
    <ClCompile Include="fmopl.c">
      <Filter>Source Files\chips</Filter>
    </ClCompile>
    <ClCompile Include="opll.c">
      <Filter>Source Files\chips</Filter>
    </ClCompile>
    <ClCompile Include="opm.c">
      <Filter>Source Files\chips</Filter>
    </ClCompile>
    <ClCompile Include="scsp.c">
      <Filter>Source Files\chips</Filter>
    </ClCompile>
    <ClCompile Include="adlibemu_opl2.c">
      <Filter>Source Files\chips</Filter>
    </ClCompile>
    <ClCompile Include="ymf262.c">
      <Filter>Source Files\chips</Filter>
    </ClCompile>
    <ClCompile Include="ym2612.c">
      <Filter>Source Files\chips</Filter>
    </ClCompile>
    <ClCompile Include="ym2413_opl.c">
      <Filter>Source Files\chips</Filter>
    </ClCompile>
    <ClCompile Include="vgmdef.c">
      <Filter>Source Files\chips</Filter>
    </ClCompile>
  </ItemGroup>
</Project>