<?xml version="1.0" encoding="utf-8"?>
<Project ToolsVersion="4.0" xmlns="http://schemas.microsoft.com/developer/msbuild/2003">
  <ItemGroup>
    <Filter Include="Source Files">
      <UniqueIdentifier>{4FC737F1-C7A5-4376-A066-2A32D752A2FF}</UniqueIdentifier>
      <Extensions>cpp;c;cc;cxx;def;odl;idl;hpj;bat;asm;asmx</Extensions>
    </Filter>
    <Filter Include="Header Files">
      <UniqueIdentifier>{93995380-89BD-4b04-88EB-625FBE52EBFB}</UniqueIdentifier>
      <Extensions>h;hh;hpp;hxx;hm;inl;inc;ipp;xsd</Extensions>
    </Filter>
    <Filter Include="Source Files\VGM">
      <UniqueIdentifier>{4ed98003-02f7-499a-8bfe-772b6c5f2cdb}</UniqueIdentifier>
    </Filter>
    <Filter Include="Source Files\VGM\Model">
      <UniqueIdentifier>{39929eed-54fe-4936-bd99-a8967fcdb483}</UniqueIdentifier>
    </Filter>
    <Filter Include="Source Files\VGM\Observer">
      <UniqueIdentifier>{c4ac0809-838f-4022-897b-73d79ae48e02}</UniqueIdentifier>
    </Filter>
    <Filter Include="Source Files\Platform">
      <UniqueIdentifier>{1ee9c2fb-e2f3-4674-b0c7-169744791f24}</UniqueIdentifier>
    </Filter>
    <Filter Include="Source Files\chips">
      <UniqueIdentifier>{90b8fce6-c59a-40e9-954c-affc203e5044}</UniqueIdentifier>
    </Filter>
    <Filter Include="Source Files\misc">
      <UniqueIdentifier>{05b5b077-57a3-4c68-b7fc-8e1dc33a0d6c}</UniqueIdentifier>
    </Filter>
    <Filter Include="Source Files\VGM\Observer\Renderer">
      <UniqueIdentifier>{d9ae2f09-fc56-4d1a-882f-b0f77539315e}</UniqueIdentifier>
    </Filter>
  </ItemGroup>
  <ItemGroup>
    <ClInclude Include="stdafx.h">
      <Filter>Header Files</Filter>
    </ClInclude>
    <ClInclude Include="targetver.h">
      <Filter>Header Files</Filter>
    </ClInclude>
    <ClInclude Include="..\..\VGMPlayerLib\VGMPlayerLib.h">
      <Filter>Source Files\VGM</Filter>
    </ClInclude>
    <ClInclude Include="DataStream.h">
      <Filter>Source Files\chips</Filter>
    </ClInclude>
    <ClInclude Include="HuC6280.h">
      <Filter>Source Files\chips</Filter>
    </ClInclude>
    <ClInclude Include="k051649.h">
      <Filter>Source Files\chips</Filter>
    </ClInclude>
    <ClInclude Include="k053260.h">
      <Filter>Source Files\chips</Filter>
    </ClInclude>
    <ClInclude Include="k054539.h">
      <Filter>Source Files\chips</Filter>
    </ClInclude>
    <ClInclude Include="multipcm.h">
      <Filter>Source Files\chips</Filter>
    </ClInclude>
    <ClInclude Include="nes_defs.h">
      <Filter>Source Files\chips</Filter>
    </ClInclude>
    <ClInclude Include="NESAPU.h">
      <Filter>Source Files\chips</Filter>
    </ClInclude>
    <ClInclude Include="NESFDSAPU.h">
      <Filter>Source Files\chips</Filter>
    </ClInclude>
    <ClInclude Include="Obserable.h">
      <Filter>Source Files\chips</Filter>
    </ClInclude>
    <ClInclude Include="QSound.h">
      <Filter>Source Files\chips</Filter>
    </ClInclude>
    <ClInclude Include="ROM.h">
      <Filter>Source Files\chips</Filter>
    </ClInclude>
    <ClInclude Include="SEGAPCM.h">
      <Filter>Source Files\chips</Filter>
    </ClInclude>
    <ClInclude Include="SN76489.h">
      <Filter>Source Files\chips</Filter>
    </ClInclude>
    <ClInclude Include="vgmdef.h">
      <Filter>Source Files\chips</Filter>
    </ClInclude>
    <ClInclude Include="ym2151.h">
      <Filter>Source Files\chips</Filter>
    </ClInclude>
    <ClInclude Include="ym2612.h">
      <Filter>Source Files\chips</Filter>
    </ClInclude>
    <ClInclude Include="FFT.h">
      <Filter>Source Files\misc</Filter>
    </ClInclude>
    <ClInclude Include="Array.h">
      <Filter>Source Files\Platform</Filter>
    </ClInclude>
    <ClInclude Include="AudioDevice.h">
      <Filter>Source Files\Platform</Filter>
    </ClInclude>
    <ClInclude Include="Platform.h">
      <Filter>Source Files\Platform</Filter>
    </ClInclude>
    <ClInclude Include="VideoDevice.h">
      <Filter>Source Files\Platform</Filter>
    </ClInclude>
    <ClInclude Include="VGMObverser.h">
      <Filter>Source Files\VGM\Model</Filter>
    </ClInclude>
    <ClInclude Include="VGMData.h">
      <Filter>Source Files\VGM\Model</Filter>
    </ClInclude>
    <ClInclude Include="VGMFile.h">
      <Filter>Source Files\VGM\Observer\Renderer</Filter>
    </ClInclude>
    <ClInclude Include="VGMFireSpectrumViewer.h">
      <Filter>Source Files\VGM\Observer\Renderer</Filter>
    </ClInclude>
    <ClInclude Include="VGMMultiChannelNoteRenderer.h">
      <Filter>Source Files\VGM\Observer\Renderer</Filter>
    </ClInclude>
    <ClInclude Include="VGMMultiChannelWaveFormRenderer.h">
      <Filter>Source Files\VGM\Observer\Renderer</Filter>
    </ClInclude>
    <ClInclude Include="VGMSpectrumRenderer.h">
      <Filter>Source Files\VGM\Observer\Renderer</Filter>
    </ClInclude>
    <ClInclude Include="VGMWaveFormRenderer.h">
      <Filter>Source Files\VGM\Observer\Renderer</Filter>
    </ClInclude>
    <ClInclude Include="Observer.h">
      <Filter>Source Files\VGM\Observer</Filter>
    </ClInclude>
    <ClInclude Include="VGMViewer.h">
      <Filter>Source Files\VGM\Observer</Filter>
    </ClInclude>
    <ClInclude Include="VGMRenderer.h">
      <Filter>Source Files\VGM\Observer</Filter>
    </ClInclude>
    <ClInclude Include="VGMPlayerLib.h">
      <Filter>Source Files\VGM\Observer</Filter>
    </ClInclude>
    <ClInclude Include="VGMLogoViewer.h">
      <Filter>Source Files\VGM\Observer</Filter>
    </ClInclude>
    <ClInclude Include="VGMHardwarePlayer.h">
      <Filter>Source Files\VGM\Observer</Filter>
    </ClInclude>
    <ClInclude Include="VGMAudioPlayer.h">
      <Filter>Source Files\VGM\Observer</Filter>
    </ClInclude>
  </ItemGroup>
  <ItemGroup>
    <ClCompile Include="DataStream.c">
      <Filter>Source Files\chips</Filter>
    </ClCompile>
    <ClCompile Include="HuC6280.c">
      <Filter>Source Files\chips</Filter>
    </ClCompile>
    <ClCompile Include="k051649.c">
      <Filter>Source Files\chips</Filter>
    </ClCompile>
    <ClCompile Include="K053260.c">
      <Filter>Source Files\chips</Filter>
    </ClCompile>
    <ClCompile Include="k054539.c">
      <Filter>Source Files\chips</Filter>
    </ClCompile>
    <ClCompile Include="multipcm.c">
      <Filter>Source Files\chips</Filter>
    </ClCompile>
    <ClCompile Include="NESAPU.c">
      <Filter>Source Files\chips</Filter>
    </ClCompile>
    <ClCompile Include="NESFDSAPU.c">
      <Filter>Source Files\chips</Filter>
    </ClCompile>
    <ClCompile Include="QSound.c">
      <Filter>Source Files\chips</Filter>
    </ClCompile>
    <ClCompile Include="ROM.c">
      <Filter>Source Files\chips</Filter>
    </ClCompile>
    <ClCompile Include="SEGAPCM.c">
      <Filter>Source Files\chips</Filter>
    </ClCompile>
    <ClCompile Include="SN76489.c">
      <Filter>Source Files\chips</Filter>
    </ClCompile>
    <ClCompile Include="ym2151.c">
      <Filter>Source Files\chips</Filter>
    </ClCompile>
    <ClCompile Include="ym2612.c">
      <Filter>Source Files\chips</Filter>
    </ClCompile>
    <ClCompile Include="Obserable.cpp">
      <Filter>Source Files\chips</Filter>
    </ClCompile>
    <ClCompile Include="FFT.cpp">
      <Filter>Source Files\misc</Filter>
    </ClCompile>
    <ClCompile Include="Array.cpp">
      <Filter>Source Files\Platform</Filter>
    </ClCompile>
    <ClCompile Include="AudioDevice.cpp">
      <Filter>Source Files\Platform</Filter>
    </ClCompile>
    <ClCompile Include="Platform.cpp">
      <Filter>Source Files\Platform</Filter>
    </ClCompile>
    <ClCompile Include="VideoDevice.cpp">
      <Filter>Source Files\Platform</Filter>
    </ClCompile>
    <ClCompile Include="VGMObverser.cpp">
      <Filter>Source Files\VGM\Model</Filter>
    </ClCompile>
    <ClCompile Include="VGMData.cpp">
      <Filter>Source Files\VGM\Model</Filter>
    </ClCompile>
    <ClCompile Include="VGMFile.cpp">
      <Filter>Source Files\VGM\Model</Filter>
    </ClCompile>
    <ClCompile Include="VGMMultiChannelNoteRenderer.cpp">
      <Filter>Source Files\VGM\Observer\Renderer</Filter>
    </ClCompile>
    <ClCompile Include="VGMMultiChannelWaveFormRenderer.cpp">
      <Filter>Source Files\VGM\Observer\Renderer</Filter>
    </ClCompile>
    <ClCompile Include="VGMSpectrumRenderer.cpp">
      <Filter>Source Files\VGM\Observer\Renderer</Filter>
    </ClCompile>
    <ClCompile Include="VGMWaveFormRenderer.cpp">
      <Filter>Source Files\VGM\Observer\Renderer</Filter>
    </ClCompile>
    <ClCompile Include="Observer.cpp">
      <Filter>Source Files\VGM\Observer</Filter>
    </ClCompile>
    <ClCompile Include="VGMViewer.cpp">
      <Filter>Source Files\VGM\Observer</Filter>
    </ClCompile>
    <ClCompile Include="VGMRenderer.cpp">
      <Filter>Source Files\VGM\Observer</Filter>
    </ClCompile>
    <ClCompile Include="VGMAudioPlayer.cpp">
      <Filter>Source Files\VGM\Observer</Filter>
    </ClCompile>
  </ItemGroup>
</Project>